
Microsoft Visual Studio Solution File, Format Version 12.00
# Visual Studio Version 17
VisualStudioVersion = 17.2.32516.85
MinimumVisualStudioVersion = 10.0.40219.1
Project("{9A19103F-16F7-4668-BE54-9A1E7A4F7556}") = "OOP_Stage2", "OOP_Stage2\OOP_Stage2.csproj", "{F56D2C02-37AE-46AB-992C-55DC12ADD253}"
EndProject
Project("{9A19103F-16F7-4668-BE54-9A1E7A4F7556}") = "Inheritance", "Inheritance\Inheritance.csproj", "{02743F3F-7976-42CC-B68B-7AB89AD36456}"
EndProject
Project("{9A19103F-16F7-4668-BE54-9A1E7A4F7556}") = "Properties", "Properties\Properties.csproj", "{00A1682C-9E9B-46A6-B042-ADDCECE59C0C}"
EndProject
Project("{9A19103F-16F7-4668-BE54-9A1E7A4F7556}") = "Polymorphism", "Polymorphism\Polymorphism.csproj", "{59F838E3-288D-4E26-AA14-944A9EE7C4D9}"
EndProject
Project("{9A19103F-16F7-4668-BE54-9A1E7A4F7556}") = "Generics", "Generics\Generics.csproj", "{E6BDCA1A-A404-4DA4-A0EF-5EA7A7DCDA48}"
EndProject
Project("{FAE04EC0-301F-11D3-BF4B-00C04F79EFBC}") = "GenericsStart", "GenericsStart\GenericsStart.csproj", "{A4E33C44-2188-4DB4-A750-BF66C5E415C2}"
EndProject
Global
	GlobalSection(SolutionConfigurationPlatforms) = preSolution
		Debug|Any CPU = Debug|Any CPU
		Release|Any CPU = Release|Any CPU
	EndGlobalSection
	GlobalSection(ProjectConfigurationPlatforms) = postSolution
		{F56D2C02-37AE-46AB-992C-55DC12ADD253}.Debug|Any CPU.ActiveCfg = Debug|Any CPU
		{F56D2C02-37AE-46AB-992C-55DC12ADD253}.Debug|Any CPU.Build.0 = Debug|Any CPU
		{F56D2C02-37AE-46AB-992C-55DC12ADD253}.Release|Any CPU.ActiveCfg = Release|Any CPU
		{F56D2C02-37AE-46AB-992C-55DC12ADD253}.Release|Any CPU.Build.0 = Release|Any CPU
		{02743F3F-7976-42CC-B68B-7AB89AD36456}.Debug|Any CPU.ActiveCfg = Debug|Any CPU
		{02743F3F-7976-42CC-B68B-7AB89AD36456}.Debug|Any CPU.Build.0 = Debug|Any CPU
		{02743F3F-7976-42CC-B68B-7AB89AD36456}.Release|Any CPU.ActiveCfg = Release|Any CPU
		{02743F3F-7976-42CC-B68B-7AB89AD36456}.Release|Any CPU.Build.0 = Release|Any CPU
		{00A1682C-9E9B-46A6-B042-ADDCECE59C0C}.Debug|Any CPU.ActiveCfg = Debug|Any CPU
		{00A1682C-9E9B-46A6-B042-ADDCECE59C0C}.Debug|Any CPU.Build.0 = Debug|Any CPU
		{00A1682C-9E9B-46A6-B042-ADDCECE59C0C}.Release|Any CPU.ActiveCfg = Release|Any CPU
		{00A1682C-9E9B-46A6-B042-ADDCECE59C0C}.Release|Any CPU.Build.0 = Release|Any CPU
		{59F838E3-288D-4E26-AA14-944A9EE7C4D9}.Debug|Any CPU.ActiveCfg = Debug|Any CPU
		{59F838E3-288D-4E26-AA14-944A9EE7C4D9}.Debug|Any CPU.Build.0 = Debug|Any CPU
		{59F838E3-288D-4E26-AA14-944A9EE7C4D9}.Release|Any CPU.ActiveCfg = Release|Any CPU
		{59F838E3-288D-4E26-AA14-944A9EE7C4D9}.Release|Any CPU.Build.0 = Release|Any CPU
		{E6BDCA1A-A404-4DA4-A0EF-5EA7A7DCDA48}.Debug|Any CPU.ActiveCfg = Debug|Any CPU
		{E6BDCA1A-A404-4DA4-A0EF-5EA7A7DCDA48}.Debug|Any CPU.Build.0 = Debug|Any CPU
		{E6BDCA1A-A404-4DA4-A0EF-5EA7A7DCDA48}.Release|Any CPU.ActiveCfg = Release|Any CPU
		{E6BDCA1A-A404-4DA4-A0EF-5EA7A7DCDA48}.Release|Any CPU.Build.0 = Release|Any CPU
		{A4E33C44-2188-4DB4-A750-BF66C5E415C2}.Debug|Any CPU.ActiveCfg = Debug|Any CPU
		{A4E33C44-2188-4DB4-A750-BF66C5E415C2}.Debug|Any CPU.Build.0 = Debug|Any CPU
		{A4E33C44-2188-4DB4-A750-BF66C5E415C2}.Release|Any CPU.ActiveCfg = Release|Any CPU
		{A4E33C44-2188-4DB4-A750-BF66C5E415C2}.Release|Any CPU.Build.0 = Release|Any CPU
	EndGlobalSection
	GlobalSection(SolutionProperties) = preSolution
		HideSolutionNode = FALSE
	EndGlobalSection
	GlobalSection(ExtensibilityGlobals) = postSolution
		SolutionGuid = {98207B38-C573-4653-9D49-70C543B9C6B7}
	EndGlobalSection
EndGlobal
